
Microsoft Visual Studio Solution File, Format Version 11.00
# Visual Studio 2010
Project("{FAE04EC0-301F-11D3-BF4B-00C04F79EFBC}") = "Starbucks", "Starbucks\Starbucks.csproj", "{0FC43226-8030-46FC-A2AB-D064207FF364}"
EndProject
Project("{FAE04EC0-301F-11D3-BF4B-00C04F79EFBC}") = "Starbucks.Tests", "Starbucks.Tests\Starbucks.Tests.csproj", "{EBCAD5F6-F6A4-47C8-B8B5-F92E26CBACDA}"
EndProject
Global
	GlobalSection(SolutionConfigurationPlatforms) = preSolution
		Debug|Any CPU = Debug|Any CPU
		Release|Any CPU = Release|Any CPU
	EndGlobalSection
	GlobalSection(ProjectConfigurationPlatforms) = postSolution
		{0FC43226-8030-46FC-A2AB-D064207FF364}.Debug|Any CPU.ActiveCfg = Debug|Any CPU
		{0FC43226-8030-46FC-A2AB-D064207FF364}.Debug|Any CPU.Build.0 = Debug|Any CPU
		{0FC43226-8030-46FC-A2AB-D064207FF364}.Release|Any CPU.ActiveCfg = Release|Any CPU
		{0FC43226-8030-46FC-A2AB-D064207FF364}.Release|Any CPU.Build.0 = Release|Any CPU
		{EBCAD5F6-F6A4-47C8-B8B5-F92E26CBACDA}.Debug|Any CPU.ActiveCfg = Debug|Any CPU
		{EBCAD5F6-F6A4-47C8-B8B5-F92E26CBACDA}.Debug|Any CPU.Build.0 = Debug|Any CPU
		{EBCAD5F6-F6A4-47C8-B8B5-F92E26CBACDA}.Release|Any CPU.ActiveCfg = Release|Any CPU
		{EBCAD5F6-F6A4-47C8-B8B5-F92E26CBACDA}.Release|Any CPU.Build.0 = Release|Any CPU
	EndGlobalSection
	GlobalSection(SolutionProperties) = preSolution
		HideSolutionNode = FALSE
	EndGlobalSection
EndGlobal
